{
  "name": "Fit Life Project",
  "lockfileVersion": 3,
  "requires": true,
  "packages": {
    "": {
      "dependencies": {
        "@zegocloud/zego-uikit-prebuilt": "^2.17.0"
      }
    },
    "node_modules/@zegocloud/zego-uikit-prebuilt": {
      "version": "2.17.0",
      "resolved": "https://registry.npmjs.org/@zegocloud/zego-uikit-prebuilt/-/zego-uikit-prebuilt-2.17.0.tgz",
      "integrity": "sha512-yWeMfjKAxNni6hrIP6yVOY5c/TOLizjgGEA+7Lgg/so7WEkdNH2woBx4hV0fx47r2V2puHpKMQrCvk0C4L7+5Q==",
      "license": "ISC"
    }
  }
}
